
Microsoft Visual Studio Solution File, Format Version 12.00
# Visual Studio 15
VisualStudioVersion = 15.0.28307.757
MinimumVisualStudioVersion = 10.0.40219.1
Project("{8BC9CEB8-8B4A-11D0-8D11-00A0C91BC942}") = "CH4-LAB1", "CH4-LAB1\CH4-LAB1.vcxproj", "{280DDBA4-EBC5-4B7C-9E9D-846A729567E7}"
EndProject
Global
	GlobalSection(SolutionConfigurationPlatforms) = preSolution
		Debug|x64 = Debug|x64
		Debug|x86 = Debug|x86
		Release|x64 = Release|x64
		Release|x86 = Release|x86
	EndGlobalSection
	GlobalSection(ProjectConfigurationPlatforms) = postSolution
		{280DDBA4-EBC5-4B7C-9E9D-846A729567E7}.Debug|x64.ActiveCfg = Debug|x64
		{280DDBA4-EBC5-4B7C-9E9D-846A729567E7}.Debug|x64.Build.0 = Debug|x64
		{280DDBA4-EBC5-4B7C-9E9D-846A729567E7}.Debug|x86.ActiveCfg = Debug|Win32
		{280DDBA4-EBC5-4B7C-9E9D-846A729567E7}.Debug|x86.Build.0 = Debug|Win32
		{280DDBA4-EBC5-4B7C-9E9D-846A729567E7}.Release|x64.ActiveCfg = Release|x64
		{280DDBA4-EBC5-4B7C-9E9D-846A729567E7}.Release|x64.Build.0 = Release|x64
		{280DDBA4-EBC5-4B7C-9E9D-846A729567E7}.Release|x86.ActiveCfg = Release|Win32
		{280DDBA4-EBC5-4B7C-9E9D-846A729567E7}.Release|x86.Build.0 = Release|Win32
	EndGlobalSection
	GlobalSection(SolutionProperties) = preSolution
		HideSolutionNode = FALSE
	EndGlobalSection
	GlobalSection(ExtensibilityGlobals) = postSolution
		SolutionGuid = {383DFF6F-E482-453D-82C5-A5FA17ED1417}
	EndGlobalSection
EndGlobal
